<?xml version="1.0" encoding="utf-8"?>
<Project ToolsVersion="4.0" xmlns="http://schemas.microsoft.com/developer/msbuild/2003">
  <ItemGroup>
    <Filter Include="Source Files">
      <UniqueIdentifier>{4FC737F1-C7A5-4376-A066-2A32D752A2FF}</UniqueIdentifier>
      <Extensions>cpp;c;cc;cxx;def;odl;idl;hpj;bat;asm;asmx</Extensions>
    </Filter>
    <Filter Include="Header Files">
      <UniqueIdentifier>{93995380-89BD-4b04-88EB-625FBE52EBFB}</UniqueIdentifier>
      <Extensions>h;hh;hpp;hxx;hm;inl;inc;xsd</Extensions>
    </Filter>
    <Filter Include="Resource Files">
      <UniqueIdentifier>{67DA6AB6-F800-4c08-8B7A-83BB121AAD01}</UniqueIdentifier>
      <Extensions>rc;ico;cur;bmp;dlg;rc2;rct;bin;rgs;gif;jpg;jpeg;jpe;resx;tiff;tif;png;wav</Extensions>
    </Filter>
  </ItemGroup>
  <ItemGroup>
    <ClCompile Include="root\AtlasLabels.cxx">
      <Filter>Source Files</Filter>
    </ClCompile>
    <ClCompile Include="root\BackgroundTemplateAdder.cxx">
      <Filter>Source Files</Filter>
    </ClCompile>
    <ClCompile Include="root\BinnedWorkspaceBuilder.cxx">
      <Filter>Source Files</Filter>
    </ClCompile>
    <ClCompile Include="root\Channel.cxx">
      <Filter>Source Files</Filter>
    </ClCompile>
    <ClCompile Include="root\DownVariationAdder.cxx">
      <Filter>Source Files</Filter>
    </ClCompile>
    <ClCompile Include="root\fileHolder.cxx">
      <Filter>Source Files</Filter>
    </ClCompile>
    <ClCompile Include="root\findSigma.cxx">
      <Filter>Source Files</Filter>
    </ClCompile>
    <ClCompile Include="root\HistoCollection.cxx">
      <Filter>Source Files</Filter>
    </ClCompile>
    <ClCompile Include="root\HistoLumiRescaler.cxx">
      <Filter>Source Files</Filter>
    </ClCompile>
    <ClCompile Include="root\HypoTestInvTool.cxx">
      <Filter>Source Files</Filter>
    </ClCompile>
    <ClCompile Include="root\HypoTestTool.cxx">
      <Filter>Source Files</Filter>
    </ClCompile>
    <ClCompile Include="root\LimitRunner.cxx">
      <Filter>Source Files</Filter>
    </ClCompile>
    <ClCompile Include="root\LimitTool.cxx">
      <Filter>Source Files</Filter>
    </ClCompile>
    <ClCompile Include="root\ManualHistoCollector.cxx">
      <Filter>Source Files</Filter>
    </ClCompile>
    <ClCompile Include="root\minimize.cxx">
      <Filter>Source Files</Filter>
    </ClCompile>
    <ClCompile Include="root\MultiplicativeFactor.cxx">
      <Filter>Source Files</Filter>
    </ClCompile>
    <ClCompile Include="root\parseString.cxx">
      <Filter>Source Files</Filter>
    </ClCompile>
    <ClCompile Include="root\Plotter.cxx">
      <Filter>Source Files</Filter>
    </ClCompile>
    <ClCompile Include="root\PullBreakdownTool.cxx">
      <Filter>Source Files</Filter>
    </ClCompile>
    <ClCompile Include="root\PullPlotter.cxx">
      <Filter>Source Files</Filter>
    </ClCompile>
    <ClCompile Include="root\PullRunner.cxx">
      <Filter>Source Files</Filter>
    </ClCompile>
    <ClCompile Include="root\PullTool.cxx">
      <Filter>Source Files</Filter>
    </ClCompile>
    <ClCompile Include="root\Sample.cxx">
      <Filter>Source Files</Filter>
    </ClCompile>
    <ClCompile Include="root\saveAscii.cxx">
      <Filter>Source Files</Filter>
    </ClCompile>
    <ClCompile Include="root\SignalInjector.cxx">
      <Filter>Source Files</Filter>
    </ClCompile>
    <ClCompile Include="root\StatisticalResults.cxx">
      <Filter>Source Files</Filter>
    </ClCompile>
    <ClCompile Include="root\StatisticalResultsCollection.cxx">
      <Filter>Source Files</Filter>
    </ClCompile>
    <ClCompile Include="root\TreeHistoCollector.cxx">
      <Filter>Source Files</Filter>
    </ClCompile>
    <ClCompile Include="root\Variation.cxx">
      <Filter>Source Files</Filter>
    </ClCompile>
    <ClCompile Include="root\VHAnalysisRunner.cxx">
      <Filter>Source Files</Filter>
    </ClCompile>
    <ClCompile Include="root\VVJJAnalysisRunner.cxx">
      <Filter>Source Files</Filter>
    </ClCompile>
    <ClCompile Include="root\VVJJValidationRunner.cxx">
      <Filter>Source Files</Filter>
    </ClCompile>
    <ClCompile Include="root\VVllqqAnalysisRunner.cxx">
      <Filter>Source Files</Filter>
    </ClCompile>
    <ClCompile Include="root\VVllqqValidationRunner.cxx">
      <Filter>Source Files</Filter>
    </ClCompile>
    <ClCompile Include="root\VVlvqqAnalysisRunner.cxx">
      <Filter>Source Files</Filter>
    </ClCompile>
    <ClCompile Include="root\VVlvqqValidationRunner.cxx">
      <Filter>Source Files</Filter>
    </ClCompile>
    <ClCompile Include="root\WorkspaceCollection.cxx">
      <Filter>Source Files</Filter>
    </ClCompile>
    <ClCompile Include="root\WorkspaceCollector.cxx">
      <Filter>Source Files</Filter>
    </ClCompile>
    <ClCompile Include="root\WorkspaceEditor.cxx">
      <Filter>Source Files</Filter>
    </ClCompile>
    <ClCompile Include="util\RFtest.cxx">
      <Filter>Source Files</Filter>
    </ClCompile>
    <ClCompile Include="util\splitHistFile.cxx">
      <Filter>Source Files</Filter>
    </ClCompile>
    <ClCompile Include="util\VHprocessor.cxx">
      <Filter>Source Files</Filter>
    </ClCompile>
  </ItemGroup>
  <ItemGroup>
    <ClInclude Include="resonancefinder\AtlasLabels.h">
      <Filter>Header Files</Filter>
    </ClInclude>
    <ClInclude Include="resonancefinder\AtlasStyle.h">
      <Filter>Header Files</Filter>
    </ClInclude>
    <ClInclude Include="resonancefinder\AtlasUtils.h">
      <Filter>Header Files</Filter>
    </ClInclude>
    <ClInclude Include="resonancefinder\BackgroundTemplateAdder.h">
      <Filter>Header Files</Filter>
    </ClInclude>
    <ClInclude Include="resonancefinder\BinnedWorkspaceBuilder.h">
      <Filter>Header Files</Filter>
    </ClInclude>
    <ClInclude Include="resonancefinder\Channel.h">
      <Filter>Header Files</Filter>
    </ClInclude>
    <ClInclude Include="resonancefinder\DownVariationAdder.h">
      <Filter>Header Files</Filter>
    </ClInclude>
    <ClInclude Include="resonancefinder\fileHolder.h">
      <Filter>Header Files</Filter>
    </ClInclude>
    <ClInclude Include="resonancefinder\findSigma.h">
      <Filter>Header Files</Filter>
    </ClInclude>
    <ClInclude Include="resonancefinder\HistoCollection.h">
      <Filter>Header Files</Filter>
    </ClInclude>
    <ClInclude Include="resonancefinder\HistoLumiRescaler.h">
      <Filter>Header Files</Filter>
    </ClInclude>
    <ClInclude Include="resonancefinder\HypoTestInvTool.h">
      <Filter>Header Files</Filter>
    </ClInclude>
    <ClInclude Include="resonancefinder\HypoTestTool.h">
      <Filter>Header Files</Filter>
    </ClInclude>
    <ClInclude Include="resonancefinder\IAnalysisRunner.h">
      <Filter>Header Files</Filter>
    </ClInclude>
    <ClInclude Include="resonancefinder\IBinnedAnalysisRunner.h">
      <Filter>Header Files</Filter>
    </ClInclude>
    <ClInclude Include="resonancefinder\IBinnedTreeAnalysisRunner.h">
      <Filter>Header Files</Filter>
    </ClInclude>
    <ClInclude Include="resonancefinder\IHistoCollector.h">
      <Filter>Header Files</Filter>
    </ClInclude>
    <ClInclude Include="resonancefinder\IHistoManipulator.h">
      <Filter>Header Files</Filter>
    </ClInclude>
    <ClInclude Include="resonancefinder\ILimitTool.h">
      <Filter>Header Files</Filter>
    </ClInclude>
    <ClInclude Include="resonancefinder\ITreeRunner.h">
      <Filter>Header Files</Filter>
    </ClInclude>
    <ClInclude Include="resonancefinder\IWorkspaceBuilder.h">
      <Filter>Header Files</Filter>
    </ClInclude>
    <ClInclude Include="resonancefinder\IWorkspaceCollector.h">
      <Filter>Header Files</Filter>
    </ClInclude>
    <ClInclude Include="resonancefinder\IWorkspaceManipulator.h">
      <Filter>Header Files</Filter>
    </ClInclude>
    <ClInclude Include="resonancefinder\LimitRunner.h">
      <Filter>Header Files</Filter>
    </ClInclude>
    <ClInclude Include="resonancefinder\LimitTool.h">
      <Filter>Header Files</Filter>
    </ClInclude>
    <ClInclude Include="resonancefinder\log.h">
      <Filter>Header Files</Filter>
    </ClInclude>
    <ClInclude Include="resonancefinder\ManualHistoCollector.h">
      <Filter>Header Files</Filter>
    </ClInclude>
    <ClInclude Include="resonancefinder\minimize.h">
      <Filter>Header Files</Filter>
    </ClInclude>
    <ClInclude Include="resonancefinder\MultiplicativeFactor.h">
      <Filter>Header Files</Filter>
    </ClInclude>
    <ClInclude Include="resonancefinder\parseString.h">
      <Filter>Header Files</Filter>
    </ClInclude>
    <ClInclude Include="resonancefinder\Plotter.h">
      <Filter>Header Files</Filter>
    </ClInclude>
    <ClInclude Include="resonancefinder\PullBreakdownTool.h">
      <Filter>Header Files</Filter>
    </ClInclude>
    <ClInclude Include="resonancefinder\PullPlotter.h">
      <Filter>Header Files</Filter>
    </ClInclude>
    <ClInclude Include="resonancefinder\PullRunner.h">
      <Filter>Header Files</Filter>
    </ClInclude>
    <ClInclude Include="resonancefinder\PullTool.h">
      <Filter>Header Files</Filter>
    </ClInclude>
    <ClInclude Include="resonancefinder\RooStatsUtils.h">
      <Filter>Header Files</Filter>
    </ClInclude>
    <ClInclude Include="resonancefinder\Sample.h">
      <Filter>Header Files</Filter>
    </ClInclude>
    <ClInclude Include="resonancefinder\saveAscii.h">
      <Filter>Header Files</Filter>
    </ClInclude>
    <ClInclude Include="resonancefinder\SignalInjector.h">
      <Filter>Header Files</Filter>
    </ClInclude>
    <ClInclude Include="resonancefinder\StatisticalResults.h">
      <Filter>Header Files</Filter>
    </ClInclude>
    <ClInclude Include="resonancefinder\StatisticalResultsCollection.h">
      <Filter>Header Files</Filter>
    </ClInclude>
    <ClInclude Include="resonancefinder\TreeHistoCollector.h">
      <Filter>Header Files</Filter>
    </ClInclude>
    <ClInclude Include="resonancefinder\Variation.h">
      <Filter>Header Files</Filter>
    </ClInclude>
    <ClInclude Include="resonancefinder\VHAnalysisRunner.h">
      <Filter>Header Files</Filter>
    </ClInclude>
    <ClInclude Include="resonancefinder\VVJJAnalysisRunner.h">
      <Filter>Header Files</Filter>
    </ClInclude>
    <ClInclude Include="resonancefinder\VVJJValidationRunner.h">
      <Filter>Header Files</Filter>
    </ClInclude>
    <ClInclude Include="resonancefinder\VVllqqAnalysisRunner.h">
      <Filter>Header Files</Filter>
    </ClInclude>
    <ClInclude Include="resonancefinder\VVllqqValidationRunner.h">
      <Filter>Header Files</Filter>
    </ClInclude>
    <ClInclude Include="resonancefinder\VVlvqqAnalysisRunner.h">
      <Filter>Header Files</Filter>
    </ClInclude>
    <ClInclude Include="resonancefinder\VVlvqqValidationRunner.h">
      <Filter>Header Files</Filter>
    </ClInclude>
    <ClInclude Include="resonancefinder\WorkspaceCollection.h">
      <Filter>Header Files</Filter>
    </ClInclude>
    <ClInclude Include="resonancefinder\WorkspaceCollector.h">
      <Filter>Header Files</Filter>
    </ClInclude>
    <ClInclude Include="resonancefinder\WorkspaceEditor.h">
      <Filter>Header Files</Filter>
    </ClInclude>
    <ClInclude Include="root\LinkDef.h">
      <Filter>Header Files</Filter>
    </ClInclude>
  </ItemGroup>
</Project>